
Microsoft Visual Studio Solution File, Format Version 12.00
# Visual Studio Version 16
VisualStudioVersion = 16.0.31729.503
MinimumVisualStudioVersion = 10.0.40219.1
Project("{9A19103F-16F7-4668-BE54-9A1E7A4F7556}") = "WebApiAssignment2", "WebApiAssignment2\WebApiAssignment2.csproj", "{DC03C3C3-D0C4-4976-B2C9-806619DFFD13}"
EndProject
Project("{FAE04EC0-301F-11D3-BF4B-00C04F79EFBC}") = "ClassLibrary1", "ClassLibrary1\ClassLibrary1.csproj", "{032443B8-E960-4FCB-A1A8-0039B3492F3C}"
EndProject
Global
	GlobalSection(SolutionConfigurationPlatforms) = preSolution
		Debug|Any CPU = Debug|Any CPU
		Release|Any CPU = Release|Any CPU
	EndGlobalSection
	GlobalSection(ProjectConfigurationPlatforms) = postSolution
		{DC03C3C3-D0C4-4976-B2C9-806619DFFD13}.Debug|Any CPU.ActiveCfg = Debug|Any CPU
		{DC03C3C3-D0C4-4976-B2C9-806619DFFD13}.Debug|Any CPU.Build.0 = Debug|Any CPU
		{DC03C3C3-D0C4-4976-B2C9-806619DFFD13}.Release|Any CPU.ActiveCfg = Release|Any CPU
		{DC03C3C3-D0C4-4976-B2C9-806619DFFD13}.Release|Any CPU.Build.0 = Release|Any CPU
		{032443B8-E960-4FCB-A1A8-0039B3492F3C}.Debug|Any CPU.ActiveCfg = Debug|Any CPU
		{032443B8-E960-4FCB-A1A8-0039B3492F3C}.Debug|Any CPU.Build.0 = Debug|Any CPU
		{032443B8-E960-4FCB-A1A8-0039B3492F3C}.Release|Any CPU.ActiveCfg = Release|Any CPU
		{032443B8-E960-4FCB-A1A8-0039B3492F3C}.Release|Any CPU.Build.0 = Release|Any CPU
	EndGlobalSection
	GlobalSection(SolutionProperties) = preSolution
		HideSolutionNode = FALSE
	EndGlobalSection
	GlobalSection(ExtensibilityGlobals) = postSolution
		SolutionGuid = {4FB8C72C-5369-4DEF-BE6B-12BCE213F5C9}
	EndGlobalSection
EndGlobal
