
Microsoft Visual Studio Solution File, Format Version 12.00
# Visual Studio Version 16
VisualStudioVersion = 16.0.31624.102
MinimumVisualStudioVersion = 10.0.40219.1
Project("{FAE04EC0-301F-11D3-BF4B-00C04F79EFBC}") = "MilestoneAssesment2.PresentationLayer", "MilestoneAssesment2.PresentationLayer\MilestoneAssesment2.PresentationLayer.csproj", "{87AF8F36-BCB3-458E-A765-A46B698A454A}"
EndProject
Project("{FAE04EC0-301F-11D3-BF4B-00C04F79EFBC}") = "MilestoneAssesment2.EntityLayer", "MilestoneAssesment2.EntityLayer\MilestoneAssesment2.EntityLayer.csproj", "{6EDCD46B-D783-4305-940B-0AAB1017BE91}"
EndProject
Project("{FAE04EC0-301F-11D3-BF4B-00C04F79EFBC}") = "MilestoneAssesment2.BuisnessLogicLayer", "MilestoneAssesment2.BuisnessManagementLayer\MilestoneAssesment2.BuisnessLogicLayer.csproj", "{4DF33280-7D3D-4ABB-B43B-643799416B5D}"
EndProject
Project("{FAE04EC0-301F-11D3-BF4B-00C04F79EFBC}") = "MilestoneAssesment2.CustomExceptionLayer", "MilestoneAssesment2.CustomExceptionLayer\MilestoneAssesment2.CustomExceptionLayer.csproj", "{6874CB6B-00FC-4755-8863-6AB9466A70E0}"
EndProject
Project("{FAE04EC0-301F-11D3-BF4B-00C04F79EFBC}") = "MilestoneAssesment2.DatabaseLayer", "MilestoneAssesment2.DatabaseLayer\MilestoneAssesment2.DatabaseLayer.csproj", "{043822B0-4107-4C58-B335-618F144A80F5}"
EndProject
Global
	GlobalSection(SolutionConfigurationPlatforms) = preSolution
		Debug|Any CPU = Debug|Any CPU
		Release|Any CPU = Release|Any CPU
	EndGlobalSection
	GlobalSection(ProjectConfigurationPlatforms) = postSolution
		{87AF8F36-BCB3-458E-A765-A46B698A454A}.Debug|Any CPU.ActiveCfg = Debug|Any CPU
		{87AF8F36-BCB3-458E-A765-A46B698A454A}.Debug|Any CPU.Build.0 = Debug|Any CPU
		{87AF8F36-BCB3-458E-A765-A46B698A454A}.Release|Any CPU.ActiveCfg = Release|Any CPU
		{87AF8F36-BCB3-458E-A765-A46B698A454A}.Release|Any CPU.Build.0 = Release|Any CPU
		{6EDCD46B-D783-4305-940B-0AAB1017BE91}.Debug|Any CPU.ActiveCfg = Debug|Any CPU
		{6EDCD46B-D783-4305-940B-0AAB1017BE91}.Debug|Any CPU.Build.0 = Debug|Any CPU
		{6EDCD46B-D783-4305-940B-0AAB1017BE91}.Release|Any CPU.ActiveCfg = Release|Any CPU
		{6EDCD46B-D783-4305-940B-0AAB1017BE91}.Release|Any CPU.Build.0 = Release|Any CPU
		{4DF33280-7D3D-4ABB-B43B-643799416B5D}.Debug|Any CPU.ActiveCfg = Debug|Any CPU
		{4DF33280-7D3D-4ABB-B43B-643799416B5D}.Debug|Any CPU.Build.0 = Debug|Any CPU
		{4DF33280-7D3D-4ABB-B43B-643799416B5D}.Release|Any CPU.ActiveCfg = Release|Any CPU
		{4DF33280-7D3D-4ABB-B43B-643799416B5D}.Release|Any CPU.Build.0 = Release|Any CPU
		{6874CB6B-00FC-4755-8863-6AB9466A70E0}.Debug|Any CPU.ActiveCfg = Debug|Any CPU
		{6874CB6B-00FC-4755-8863-6AB9466A70E0}.Debug|Any CPU.Build.0 = Debug|Any CPU
		{6874CB6B-00FC-4755-8863-6AB9466A70E0}.Release|Any CPU.ActiveCfg = Release|Any CPU
		{6874CB6B-00FC-4755-8863-6AB9466A70E0}.Release|Any CPU.Build.0 = Release|Any CPU
		{043822B0-4107-4C58-B335-618F144A80F5}.Debug|Any CPU.ActiveCfg = Debug|Any CPU
		{043822B0-4107-4C58-B335-618F144A80F5}.Debug|Any CPU.Build.0 = Debug|Any CPU
		{043822B0-4107-4C58-B335-618F144A80F5}.Release|Any CPU.ActiveCfg = Release|Any CPU
		{043822B0-4107-4C58-B335-618F144A80F5}.Release|Any CPU.Build.0 = Release|Any CPU
	EndGlobalSection
	GlobalSection(SolutionProperties) = preSolution
		HideSolutionNode = FALSE
	EndGlobalSection
	GlobalSection(ExtensibilityGlobals) = postSolution
		SolutionGuid = {6E533FF2-C14A-4437-9D9A-D3B25A1EA4EE}
	EndGlobalSection
EndGlobal
