
Microsoft Visual Studio Solution File, Format Version 12.00
# Visual Studio Version 16
VisualStudioVersion = 16.0.31624.102
MinimumVisualStudioVersion = 10.0.40219.1
Project("{FAE04EC0-301F-11D3-BF4B-00C04F79EFBC}") = "SchoolManagementSystem.PresentationLayer", "SchoolManagementSystem.PresentationLayer\SchoolManagementSystem.PresentationLayer.csproj", "{B7D0C94F-D615-4309-BC80-617D1BDC1D79}"
EndProject
Project("{FAE04EC0-301F-11D3-BF4B-00C04F79EFBC}") = "SchoolManagementSystem.EntityLayer", "SchoolManagementSystem.EntityLayer\SchoolManagementSystem.EntityLayer.csproj", "{CE00B83A-BB5D-43F2-9296-0B03C483FE7E}"
EndProject
Project("{FAE04EC0-301F-11D3-BF4B-00C04F79EFBC}") = "StudentManagementSystem.DatabaseLayer", "StudentManagementSystem.DatabaseLayer\StudentManagementSystem.DatabaseLayer.csproj", "{266C4038-A2DD-4A5C-8BFA-D96EC4888F09}"
EndProject
Project("{FAE04EC0-301F-11D3-BF4B-00C04F79EFBC}") = "StudentManagementSystem.ExceptionLayer", "StudentManagementSystem.ExceptionLayer\StudentManagementSystem.ExceptionLayer.csproj", "{A5A6CD4A-B04C-4333-81F6-F63F8C1B59EB}"
EndProject
Project("{FAE04EC0-301F-11D3-BF4B-00C04F79EFBC}") = "StudentManagementSystem.BuisnessLogicLayer", "StudentManagementSystem.BuisnessLogicLayer\StudentManagementSystem.BuisnessLogicLayer.csproj", "{C3E94E78-CD0A-44DE-81E5-BA3E8C1BA6C1}"
EndProject
Global
	GlobalSection(SolutionConfigurationPlatforms) = preSolution
		Debug|Any CPU = Debug|Any CPU
		Release|Any CPU = Release|Any CPU
	EndGlobalSection
	GlobalSection(ProjectConfigurationPlatforms) = postSolution
		{B7D0C94F-D615-4309-BC80-617D1BDC1D79}.Debug|Any CPU.ActiveCfg = Debug|Any CPU
		{B7D0C94F-D615-4309-BC80-617D1BDC1D79}.Debug|Any CPU.Build.0 = Debug|Any CPU
		{B7D0C94F-D615-4309-BC80-617D1BDC1D79}.Release|Any CPU.ActiveCfg = Release|Any CPU
		{B7D0C94F-D615-4309-BC80-617D1BDC1D79}.Release|Any CPU.Build.0 = Release|Any CPU
		{CE00B83A-BB5D-43F2-9296-0B03C483FE7E}.Debug|Any CPU.ActiveCfg = Debug|Any CPU
		{CE00B83A-BB5D-43F2-9296-0B03C483FE7E}.Debug|Any CPU.Build.0 = Debug|Any CPU
		{CE00B83A-BB5D-43F2-9296-0B03C483FE7E}.Release|Any CPU.ActiveCfg = Release|Any CPU
		{CE00B83A-BB5D-43F2-9296-0B03C483FE7E}.Release|Any CPU.Build.0 = Release|Any CPU
		{266C4038-A2DD-4A5C-8BFA-D96EC4888F09}.Debug|Any CPU.ActiveCfg = Debug|Any CPU
		{266C4038-A2DD-4A5C-8BFA-D96EC4888F09}.Debug|Any CPU.Build.0 = Debug|Any CPU
		{266C4038-A2DD-4A5C-8BFA-D96EC4888F09}.Release|Any CPU.ActiveCfg = Release|Any CPU
		{266C4038-A2DD-4A5C-8BFA-D96EC4888F09}.Release|Any CPU.Build.0 = Release|Any CPU
		{A5A6CD4A-B04C-4333-81F6-F63F8C1B59EB}.Debug|Any CPU.ActiveCfg = Debug|Any CPU
		{A5A6CD4A-B04C-4333-81F6-F63F8C1B59EB}.Debug|Any CPU.Build.0 = Debug|Any CPU
		{A5A6CD4A-B04C-4333-81F6-F63F8C1B59EB}.Release|Any CPU.ActiveCfg = Release|Any CPU
		{A5A6CD4A-B04C-4333-81F6-F63F8C1B59EB}.Release|Any CPU.Build.0 = Release|Any CPU
		{C3E94E78-CD0A-44DE-81E5-BA3E8C1BA6C1}.Debug|Any CPU.ActiveCfg = Debug|Any CPU
		{C3E94E78-CD0A-44DE-81E5-BA3E8C1BA6C1}.Debug|Any CPU.Build.0 = Debug|Any CPU
		{C3E94E78-CD0A-44DE-81E5-BA3E8C1BA6C1}.Release|Any CPU.ActiveCfg = Release|Any CPU
		{C3E94E78-CD0A-44DE-81E5-BA3E8C1BA6C1}.Release|Any CPU.Build.0 = Release|Any CPU
	EndGlobalSection
	GlobalSection(SolutionProperties) = preSolution
		HideSolutionNode = FALSE
	EndGlobalSection
	GlobalSection(ExtensibilityGlobals) = postSolution
		SolutionGuid = {AE28CEE4-89FF-4A0A-A283-6E44386EBB9B}
	EndGlobalSection
EndGlobal
