
Microsoft Visual Studio Solution File, Format Version 12.00
# Visual Studio Version 16
VisualStudioVersion = 16.0.31624.102
MinimumVisualStudioVersion = 10.0.40219.1
Project("{FAE04EC0-301F-11D3-BF4B-00C04F79EFBC}") = "ExcelExample", "ExcelExample\ExcelExample.csproj", "{651A0E03-C620-470F-B8A6-F0CB4DD5123E}"
EndProject
Global
	GlobalSection(SolutionConfigurationPlatforms) = preSolution
		Debug|Any CPU = Debug|Any CPU
		Release|Any CPU = Release|Any CPU
	EndGlobalSection
	GlobalSection(ProjectConfigurationPlatforms) = postSolution
		{651A0E03-C620-470F-B8A6-F0CB4DD5123E}.Debug|Any CPU.ActiveCfg = Debug|Any CPU
		{651A0E03-C620-470F-B8A6-F0CB4DD5123E}.Debug|Any CPU.Build.0 = Debug|Any CPU
		{651A0E03-C620-470F-B8A6-F0CB4DD5123E}.Release|Any CPU.ActiveCfg = Release|Any CPU
		{651A0E03-C620-470F-B8A6-F0CB4DD5123E}.Release|Any CPU.Build.0 = Release|Any CPU
	EndGlobalSection
	GlobalSection(SolutionProperties) = preSolution
		HideSolutionNode = FALSE
	EndGlobalSection
	GlobalSection(ExtensibilityGlobals) = postSolution
		SolutionGuid = {48A7C8CD-86B5-404C-81F0-BDEF3DACDF6C}
	EndGlobalSection
EndGlobal
