
Microsoft Visual Studio Solution File, Format Version 12.00
# Visual Studio Version 16
VisualStudioVersion = 16.0.31624.102
MinimumVisualStudioVersion = 10.0.40219.1
Project("{FAE04EC0-301F-11D3-BF4B-00C04F79EFBC}") = "MoneyExchangeRate", "MoneyExchangeRate\MoneyExchangeRate.csproj", "{5AA04992-6F2D-4704-BC6B-44F953B5AA04}"
EndProject
Project("{FAE04EC0-301F-11D3-BF4B-00C04F79EFBC}") = "MoneyExchangeCalculator", "MoneyExchangeCalculator\MoneyExchangeCalculator.csproj", "{E183519A-FF84-4340-9F8C-809A298EA847}"
EndProject
Global
	GlobalSection(SolutionConfigurationPlatforms) = preSolution
		Debug|Any CPU = Debug|Any CPU
		Release|Any CPU = Release|Any CPU
	EndGlobalSection
	GlobalSection(ProjectConfigurationPlatforms) = postSolution
		{5AA04992-6F2D-4704-BC6B-44F953B5AA04}.Debug|Any CPU.ActiveCfg = Debug|Any CPU
		{5AA04992-6F2D-4704-BC6B-44F953B5AA04}.Debug|Any CPU.Build.0 = Debug|Any CPU
		{5AA04992-6F2D-4704-BC6B-44F953B5AA04}.Release|Any CPU.ActiveCfg = Release|Any CPU
		{5AA04992-6F2D-4704-BC6B-44F953B5AA04}.Release|Any CPU.Build.0 = Release|Any CPU
		{E183519A-FF84-4340-9F8C-809A298EA847}.Debug|Any CPU.ActiveCfg = Debug|Any CPU
		{E183519A-FF84-4340-9F8C-809A298EA847}.Debug|Any CPU.Build.0 = Debug|Any CPU
		{E183519A-FF84-4340-9F8C-809A298EA847}.Release|Any CPU.ActiveCfg = Release|Any CPU
		{E183519A-FF84-4340-9F8C-809A298EA847}.Release|Any CPU.Build.0 = Release|Any CPU
	EndGlobalSection
	GlobalSection(SolutionProperties) = preSolution
		HideSolutionNode = FALSE
	EndGlobalSection
	GlobalSection(ExtensibilityGlobals) = postSolution
		SolutionGuid = {E5CBD6E1-55E9-4FF2-BC78-A539EF44C7BA}
	EndGlobalSection
EndGlobal
