
Microsoft Visual Studio Solution File, Format Version 12.00
# Visual Studio Version 16
VisualStudioVersion = 16.0.31624.102
MinimumVisualStudioVersion = 10.0.40219.1
Project("{FAE04EC0-301F-11D3-BF4B-00C04F79EFBC}") = "Csharp-Assignment-1", "Csharp-Assignment\Csharp-Assignment-1.csproj", "{C7E82473-F487-4EC3-9897-83094EBF21A3}"
EndProject
Project("{FAE04EC0-301F-11D3-BF4B-00C04F79EFBC}") = "Csharp-Assignment-2-1", "Csharp-Assignment-2-1\Csharp-Assignment-2-1.csproj", "{38912A43-B173-44FB-8717-0FBA22CE11BF}"
EndProject
Project("{FAE04EC0-301F-11D3-BF4B-00C04F79EFBC}") = "Assignment3", "Assignment3\Assignment3.csproj", "{D561A1BB-0514-42D0-A4D2-5AD66CF55EA8}"
EndProject
Global
	GlobalSection(SolutionConfigurationPlatforms) = preSolution
		Debug|Any CPU = Debug|Any CPU
		Release|Any CPU = Release|Any CPU
	EndGlobalSection
	GlobalSection(ProjectConfigurationPlatforms) = postSolution
		{C7E82473-F487-4EC3-9897-83094EBF21A3}.Debug|Any CPU.ActiveCfg = Debug|Any CPU
		{C7E82473-F487-4EC3-9897-83094EBF21A3}.Debug|Any CPU.Build.0 = Debug|Any CPU
		{C7E82473-F487-4EC3-9897-83094EBF21A3}.Release|Any CPU.ActiveCfg = Release|Any CPU
		{C7E82473-F487-4EC3-9897-83094EBF21A3}.Release|Any CPU.Build.0 = Release|Any CPU
		{38912A43-B173-44FB-8717-0FBA22CE11BF}.Debug|Any CPU.ActiveCfg = Debug|Any CPU
		{38912A43-B173-44FB-8717-0FBA22CE11BF}.Debug|Any CPU.Build.0 = Debug|Any CPU
		{38912A43-B173-44FB-8717-0FBA22CE11BF}.Release|Any CPU.ActiveCfg = Release|Any CPU
		{38912A43-B173-44FB-8717-0FBA22CE11BF}.Release|Any CPU.Build.0 = Release|Any CPU
		{D561A1BB-0514-42D0-A4D2-5AD66CF55EA8}.Debug|Any CPU.ActiveCfg = Debug|Any CPU
		{D561A1BB-0514-42D0-A4D2-5AD66CF55EA8}.Debug|Any CPU.Build.0 = Debug|Any CPU
		{D561A1BB-0514-42D0-A4D2-5AD66CF55EA8}.Release|Any CPU.ActiveCfg = Release|Any CPU
		{D561A1BB-0514-42D0-A4D2-5AD66CF55EA8}.Release|Any CPU.Build.0 = Release|Any CPU
	EndGlobalSection
	GlobalSection(SolutionProperties) = preSolution
		HideSolutionNode = FALSE
	EndGlobalSection
	GlobalSection(ExtensibilityGlobals) = postSolution
		SolutionGuid = {F772DDAB-A73B-4B5C-BD4E-32507E5A8BEE}
	EndGlobalSection
EndGlobal
