
Microsoft Visual Studio Solution File, Format Version 12.00
# Visual Studio Version 16
VisualStudioVersion = 16.0.31729.503
MinimumVisualStudioVersion = 10.0.40219.1
Project("{FAE04EC0-301F-11D3-BF4B-00C04F79EFBC}") = "Ms5", "Ms5\Ms5.csproj", "{330A6C0D-22E5-46D4-8B10-F7D126803CBD}"
EndProject
Global
	GlobalSection(SolutionConfigurationPlatforms) = preSolution
		Debug|Any CPU = Debug|Any CPU
		Release|Any CPU = Release|Any CPU
	EndGlobalSection
	GlobalSection(ProjectConfigurationPlatforms) = postSolution
		{330A6C0D-22E5-46D4-8B10-F7D126803CBD}.Debug|Any CPU.ActiveCfg = Debug|Any CPU
		{330A6C0D-22E5-46D4-8B10-F7D126803CBD}.Debug|Any CPU.Build.0 = Debug|Any CPU
		{330A6C0D-22E5-46D4-8B10-F7D126803CBD}.Release|Any CPU.ActiveCfg = Release|Any CPU
		{330A6C0D-22E5-46D4-8B10-F7D126803CBD}.Release|Any CPU.Build.0 = Release|Any CPU
	EndGlobalSection
	GlobalSection(SolutionProperties) = preSolution
		HideSolutionNode = FALSE
	EndGlobalSection
	GlobalSection(ExtensibilityGlobals) = postSolution
		SolutionGuid = {03B5D0D4-B65E-447B-9A5D-93B7F0B58A5E}
	EndGlobalSection
EndGlobal
