
Microsoft Visual Studio Solution File, Format Version 12.00
# Visual Studio Version 16
VisualStudioVersion = 16.0.31624.102
MinimumVisualStudioVersion = 10.0.40219.1
Project("{FAE04EC0-301F-11D3-BF4B-00C04F79EFBC}") = "Intern Salary", "Intern Salary\Intern Salary.csproj", "{26CB714D-1B55-45F3-A5FD-C32160BA8FC1}"
EndProject
Global
	GlobalSection(SolutionConfigurationPlatforms) = preSolution
		Debug|Any CPU = Debug|Any CPU
		Release|Any CPU = Release|Any CPU
	EndGlobalSection
	GlobalSection(ProjectConfigurationPlatforms) = postSolution
		{26CB714D-1B55-45F3-A5FD-C32160BA8FC1}.Debug|Any CPU.ActiveCfg = Debug|Any CPU
		{26CB714D-1B55-45F3-A5FD-C32160BA8FC1}.Debug|Any CPU.Build.0 = Debug|Any CPU
		{26CB714D-1B55-45F3-A5FD-C32160BA8FC1}.Release|Any CPU.ActiveCfg = Release|Any CPU
		{26CB714D-1B55-45F3-A5FD-C32160BA8FC1}.Release|Any CPU.Build.0 = Release|Any CPU
	EndGlobalSection
	GlobalSection(SolutionProperties) = preSolution
		HideSolutionNode = FALSE
	EndGlobalSection
	GlobalSection(ExtensibilityGlobals) = postSolution
		SolutionGuid = {5CEA1434-A629-469B-A7DC-0770E01E87F3}
	EndGlobalSection
EndGlobal
